
Microsoft Visual Studio Solution File, Format Version 12.00
# Visual Studio Version 17
VisualStudioVersion = 17.8.34112.27
MinimumVisualStudioVersion = 10.0.40219.1
Project("{8BC9CEB8-8B4A-11D0-8D11-00A0C91BC942}") = "legacy", "legacy.vcxproj", "{42796196-4C31-483E-9848-D56EF616A353}"
EndProject
Global
	GlobalSection(SolutionConfigurationPlatforms) = preSolution
		Debug|x64 = Debug|x64
		Debug|x86 = Debug|x86
		Release|x64 = Release|x64
		Release|x86 = Release|x86
	EndGlobalSection
	GlobalSection(ProjectConfigurationPlatforms) = postSolution
		{42796196-4C31-483E-9848-D56EF616A353}.Debug|x64.ActiveCfg = Debug|x64
		{42796196-4C31-483E-9848-D56EF616A353}.Debug|x64.Build.0 = Debug|x64
		{42796196-4C31-483E-9848-D56EF616A353}.Debug|x86.ActiveCfg = Debug|Win32
		{42796196-4C31-483E-9848-D56EF616A353}.Debug|x86.Build.0 = Debug|Win32
		{42796196-4C31-483E-9848-D56EF616A353}.Release|x64.ActiveCfg = Release|x64
		{42796196-4C31-483E-9848-D56EF616A353}.Release|x64.Build.0 = Release|x64
		{42796196-4C31-483E-9848-D56EF616A353}.Release|x86.ActiveCfg = Release|Win32
		{42796196-4C31-483E-9848-D56EF616A353}.Release|x86.Build.0 = Release|Win32
	EndGlobalSection
	GlobalSection(SolutionProperties) = preSolution
		HideSolutionNode = FALSE
	EndGlobalSection
	GlobalSection(ExtensibilityGlobals) = postSolution
		SolutionGuid = {247B3AA3-467F-430D-9903-0D2E88033F9C}
	EndGlobalSection
EndGlobal
